
Microsoft Visual Studio Solution File, Format Version 12.00
# Visual Studio Version 17
VisualStudioVersion = 17.14.36518.9 d17.14
MinimumVisualStudioVersion = 10.0.40219.1
Project("{FAE04EC0-301F-11D3-BF4B-00C04F79EFBC}") = "epugaT2", "epugaT2.csproj", "{16DFFED2-936D-4082-B630-6AAC3BE80366}"
EndProject
Global
	GlobalSection(SolutionConfigurationPlatforms) = preSolution
		Debug|Any CPU = Debug|Any CPU
		Release|Any CPU = Release|Any CPU
	EndGlobalSection
	GlobalSection(ProjectConfigurationPlatforms) = postSolution
		{16DFFED2-936D-4082-B630-6AAC3BE80366}.Debug|Any CPU.ActiveCfg = Debug|Any CPU
		{16DFFED2-936D-4082-B630-6AAC3BE80366}.Debug|Any CPU.Build.0 = Debug|Any CPU
		{16DFFED2-936D-4082-B630-6AAC3BE80366}.Release|Any CPU.ActiveCfg = Release|Any CPU
		{16DFFED2-936D-4082-B630-6AAC3BE80366}.Release|Any CPU.Build.0 = Release|Any CPU
	EndGlobalSection
	GlobalSection(SolutionProperties) = preSolution
		HideSolutionNode = FALSE
	EndGlobalSection
	GlobalSection(ExtensibilityGlobals) = postSolution
		SolutionGuid = {8C49869F-1355-4DDA-AAF4-1A7F9F107C9A}
	EndGlobalSection
EndGlobal
